
Microsoft Visual Studio Solution File, Format Version 11.00
# Visual Studio 2010
# SharpDevelop 4.4
Project("{FAE04EC0-301F-11D3-BF4B-00C04F79EFBC}") = "MonoDevelop.PackageManagement", "MonoDevelop.PackageManagement\MonoDevelop.PackageManagement.csproj", "{F218643D-2E74-4309-820E-206A54B7133F}"
EndProject
Project("{FAE04EC0-301F-11D3-BF4B-00C04F79EFBC}") = "MonoDevelop.PackageManagement.Tests", "MonoDevelop.PackageManagement.Tests\MonoDevelop.PackageManagement.Tests.csproj", "{2645C9F3-9ED5-4806-AB09-DAD9BE90C67B}"
EndProject
Project("{FAE04EC0-301F-11D3-BF4B-00C04F79EFBC}") = "MonoDevelop.PackageManagement.PowerShell", "MonoDevelop.PackageManagement.PowerShell\MonoDevelop.PackageManagement.PowerShell.csproj", "{A406803B-C584-43A3-BCEE-A0BB3132CB5F}"
EndProject
Global
	GlobalSection(SolutionConfigurationPlatforms) = preSolution
		Debug|Any CPU = Debug|Any CPU
		Release|Any CPU = Release|Any CPU
	EndGlobalSection
	GlobalSection(ProjectConfigurationPlatforms) = postSolution
		{F218643D-2E74-4309-820E-206A54B7133F}.Debug|Any CPU.Build.0 = Debug|Any CPU
		{F218643D-2E74-4309-820E-206A54B7133F}.Debug|Any CPU.ActiveCfg = Debug|Any CPU
		{F218643D-2E74-4309-820E-206A54B7133F}.Release|Any CPU.Build.0 = Release|Any CPU
		{F218643D-2E74-4309-820E-206A54B7133F}.Release|Any CPU.ActiveCfg = Release|Any CPU
		{2645C9F3-9ED5-4806-AB09-DAD9BE90C67B}.Debug|Any CPU.Build.0 = Debug|Any CPU
		{2645C9F3-9ED5-4806-AB09-DAD9BE90C67B}.Debug|Any CPU.ActiveCfg = Debug|Any CPU
		{2645C9F3-9ED5-4806-AB09-DAD9BE90C67B}.Release|Any CPU.Build.0 = Release|Any CPU
		{2645C9F3-9ED5-4806-AB09-DAD9BE90C67B}.Release|Any CPU.ActiveCfg = Release|Any CPU
		{A406803B-C584-43A3-BCEE-A0BB3132CB5F}.Debug|Any CPU.Build.0 = Debug|x86
		{A406803B-C584-43A3-BCEE-A0BB3132CB5F}.Debug|Any CPU.ActiveCfg = Debug|Any CPU
		{A406803B-C584-43A3-BCEE-A0BB3132CB5F}.Release|Any CPU.Build.0 = Release|x86
		{A406803B-C584-43A3-BCEE-A0BB3132CB5F}.Release|Any CPU.ActiveCfg = Release|x86
	EndGlobalSection
EndGlobal
